// !$*UTF8*$!
{
	archiveVersion = 1;
	classes = {
	};
	objectVersion = 55;
	objects = {

/* Begin PBXBuildFile section */
		061FBD1968F3A59B2BD043F9 /* AdServiceProtocol.swift in Sources */ = {isa = PBXBuildFile; fileRef = 2B97E5AC9DF87F9C85BC65B0 /* AdServiceProtocol.swift */; };
		082854F22A6417A93EB714C0 /* DependencyContainer.swift in Sources */ = {isa = PBXBuildFile; fileRef = 54337BEEF1D2538F073EB4A9 /* DependencyContainer.swift */; };
		0D9301A1BED341947BDD47C4 /* ImageScaler.swift in Sources */ = {isa = PBXBuildFile; fileRef = 7E1112257FF793314367E22E /* ImageScaler.swift */; };
		12FBD2D6330A4D458A422322 /* ImageRepositoryProtocol.swift in Sources */ = {isa = PBXBuildFile; fileRef = A2ED87DB27FD4B5248BB307B /* ImageRepositoryProtocol.swift */; };
		130E3CCD784035CB82ABEA71 /* ShareContainerView.swift in Sources */ = {isa = PBXBuildFile; fileRef = AB5F9BD380B58413293D02D4 /* ShareContainerView.swift */; };
		21BA03B9074C6BF4D6E3C26C /* DummyAdService.swift in Sources */ = {isa = PBXBuildFile; fileRef = 2EEA7CC21C514B45898B7DBB /* DummyAdService.swift */; };
		37A60B457C3C2ECC940A188E /* CloneStampTool.swift in Sources */ = {isa = PBXBuildFile; fileRef = FDD147F608038F7CE8EF6837 /* CloneStampTool.swift */; };
		50CDB5BEBEC8A9AD138B9F18 /* RootView.swift in Sources */ = {isa = PBXBuildFile; fileRef = 9A9E143D019F2D60FF9B50CF /* RootView.swift */; };
		525ECE14CE370354762A80AE /* EditorCanvasView.swift in Sources */ = {isa = PBXBuildFile; fileRef = 328E0B21DC362B5D16A216B6 /* EditorCanvasView.swift */; };
		54E259D38BECFB5D531BE6DD /* SimplePhotoPicker.swift in Sources */ = {isa = PBXBuildFile; fileRef = 4B4FC4151B27771EE4A8A86D /* SimplePhotoPicker.swift */; };
		551BC90F9F75EC7834507339 /* PhotoPreviewSheet.swift in Sources */ = {isa = PBXBuildFile; fileRef = 416BCAE8994A2F9DEEE6E869 /* PhotoPreviewSheet.swift */; };
		58D81098D87C0DED6C426556 /* GalleryGridView.swift in Sources */ = {isa = PBXBuildFile; fileRef = 9A6E0452E6D866033B30F8BF /* GalleryGridView.swift */; };
		6E6D67E340170ACBADEDD0E8 /* EditorViewModel.swift in Sources */ = {isa = PBXBuildFile; fileRef = 6027AD2566DBC7BE32D2D649 /* EditorViewModel.swift */; };
		8BEA52C66F5E4E74197DB9E9 /* SplashView.swift in Sources */ = {isa = PBXBuildFile; fileRef = 5E454453BCFAEC00E66E5F81 /* SplashView.swift */; };
		916B3E6A6D9E7344B6222F58 /* EditorCoordinator.swift in Sources */ = {isa = PBXBuildFile; fileRef = 22FFB3A5C2FB333E6C7E4DA1 /* EditorCoordinator.swift */; };
		9411618D433CDA49ADB07241 /* HomeCoordinator.swift in Sources */ = {isa = PBXBuildFile; fileRef = D971A94FDB1419ABB4AC7B3E /* HomeCoordinator.swift */; };
		A1DB26405B8D886E6064BA05 /* DefaultImageRepository.swift in Sources */ = {isa = PBXBuildFile; fileRef = 79B27BE02B0EFA972F23A0B8 /* DefaultImageRepository.swift */; };
		AE973E312E61A2ACFC810444 /* MemoryChecker.swift in Sources */ = {isa = PBXBuildFile; fileRef = B809413BB3CF8B196EF94C51 /* MemoryChecker.swift */; };
		B3FFA870AAD0498C113C8E08 /* ObjectRemovalServiceProtocol.swift in Sources */ = {isa = PBXBuildFile; fileRef = 75612B84DA613761B7BA2689 /* ObjectRemovalServiceProtocol.swift */; };
		C205FC05295990D1009DCD97 /* qr-code-loader.json in Resources */ = {isa = PBXBuildFile; fileRef = C205FC04295990D1009DCD97 /* qr-code-loader.json */; };
		C205FC0829599333009DCD97 /* HomeView.swift in Sources */ = {isa = PBXBuildFile; fileRef = C205FC0729599333009DCD97 /* HomeView.swift */; };
		C205FC0A2959F571009DCD97 /* PhotoPicker.swift in Sources */ = {isa = PBXBuildFile; fileRef = C205FC092959F571009DCD97 /* PhotoPicker.swift */; };
		C205FC0D295B31B4009DCD97 /* PhotoAccessView.swift in Sources */ = {isa = PBXBuildFile; fileRef = C205FC0C295B31B4009DCD97 /* PhotoAccessView.swift */; };
		C205FC2C296487C3009DCD97 /* Gilroy-ThinItalic.ttf in Resources */ = {isa = PBXBuildFile; fileRef = C205FC18296487C1009DCD97 /* Gilroy-ThinItalic.ttf */; };
		C205FC2D296487C3009DCD97 /* Gilroy-Light.ttf in Resources */ = {isa = PBXBuildFile; fileRef = C205FC19296487C1009DCD97 /* Gilroy-Light.ttf */; };
		C205FC2E296487C3009DCD97 /* Gilroy-BlackItalic.ttf in Resources */ = {isa = PBXBuildFile; fileRef = C205FC1A296487C1009DCD97 /* Gilroy-BlackItalic.ttf */; };
		C205FC2F296487C3009DCD97 /* Gilroy-MediumItalic.ttf in Resources */ = {isa = PBXBuildFile; fileRef = C205FC1B296487C1009DCD97 /* Gilroy-MediumItalic.ttf */; };
		C205FC30296487C3009DCD97 /* Gilroy-ExtraBoldItalic.ttf in Resources */ = {isa = PBXBuildFile; fileRef = C205FC1C296487C1009DCD97 /* Gilroy-ExtraBoldItalic.ttf */; };
		C205FC31296487C3009DCD97 /* Gilroy-Medium.ttf in Resources */ = {isa = PBXBuildFile; fileRef = C205FC1D296487C2009DCD97 /* Gilroy-Medium.ttf */; };
		C205FC32296487C3009DCD97 /* Gilroy-HeavyItalic.ttf in Resources */ = {isa = PBXBuildFile; fileRef = C205FC1E296487C2009DCD97 /* Gilroy-HeavyItalic.ttf */; };
		C205FC33296487C3009DCD97 /* Gilroy-BoldItalic.ttf in Resources */ = {isa = PBXBuildFile; fileRef = C205FC1F296487C2009DCD97 /* Gilroy-BoldItalic.ttf */; };
		C205FC34296487C3009DCD97 /* Gilroy-Black.ttf in Resources */ = {isa = PBXBuildFile; fileRef = C205FC20296487C2009DCD97 /* Gilroy-Black.ttf */; };
		C205FC35296487C3009DCD97 /* Gilroy-Bold.ttf in Resources */ = {isa = PBXBuildFile; fileRef = C205FC21296487C2009DCD97 /* Gilroy-Bold.ttf */; };
		C205FC36296487C3009DCD97 /* Gilroy-Heavy.ttf in Resources */ = {isa = PBXBuildFile; fileRef = C205FC22296487C2009DCD97 /* Gilroy-Heavy.ttf */; };
		C205FC37296487C3009DCD97 /* Gilroy-Regular.ttf in Resources */ = {isa = PBXBuildFile; fileRef = C205FC23296487C2009DCD97 /* Gilroy-Regular.ttf */; };
		C205FC38296487C3009DCD97 /* Gilroy-SemiBold.ttf in Resources */ = {isa = PBXBuildFile; fileRef = C205FC24296487C2009DCD97 /* Gilroy-SemiBold.ttf */; };
		C205FC39296487C3009DCD97 /* Gilroy-RegularItalic.ttf in Resources */ = {isa = PBXBuildFile; fileRef = C205FC25296487C2009DCD97 /* Gilroy-RegularItalic.ttf */; };
		C205FC3A296487C3009DCD97 /* Gilroy-SemiBoldItalic.ttf in Resources */ = {isa = PBXBuildFile; fileRef = C205FC26296487C2009DCD97 /* Gilroy-SemiBoldItalic.ttf */; };
		C205FC3B296487C3009DCD97 /* Gilroy-Thin.ttf in Resources */ = {isa = PBXBuildFile; fileRef = C205FC27296487C2009DCD97 /* Gilroy-Thin.ttf */; };
		C205FC3C296487C3009DCD97 /* Gilroy-UltraLight.ttf in Resources */ = {isa = PBXBuildFile; fileRef = C205FC28296487C3009DCD97 /* Gilroy-UltraLight.ttf */; };
		C205FC3D296487C3009DCD97 /* Gilroy-UltraLightItalic.ttf in Resources */ = {isa = PBXBuildFile; fileRef = C205FC29296487C3009DCD97 /* Gilroy-UltraLightItalic.ttf */; };
		C205FC3E296487C3009DCD97 /* Gilroy-ExtraBold.ttf in Resources */ = {isa = PBXBuildFile; fileRef = C205FC2A296487C3009DCD97 /* Gilroy-ExtraBold.ttf */; };
		C205FC3F296487C3009DCD97 /* Gilroy-LightItalic.ttf in Resources */ = {isa = PBXBuildFile; fileRef = C205FC2B296487C3009DCD97 /* Gilroy-LightItalic.ttf */; };
		C20C02FA29EDFAF900744908 /* NavigationManager.swift in Sources */ = {isa = PBXBuildFile; fileRef = C20C02F929EDFAF900744908 /* NavigationManager.swift */; };
		C2157214299AC7AC00369F18 /* TwoFingerPanGesture.swift in Sources */ = {isa = PBXBuildFile; fileRef = C2157213299AC7AC00369F18 /* TwoFingerPanGesture.swift */; };
		C2231A0F29BA7CA000FAB746 /* PhotoItemView.swift in Sources */ = {isa = PBXBuildFile; fileRef = C2231A0E29BA7CA000FAB746 /* PhotoItemView.swift */; };
		C2231A1129BA849F00FAB746 /* CachedImageManager.swift in Sources */ = {isa = PBXBuildFile; fileRef = C2231A1029BA849F00FAB746 /* CachedImageManager.swift */; };
		C2231A1329BA84C100FAB746 /* PhotoAsset.swift in Sources */ = {isa = PBXBuildFile; fileRef = C2231A1229BA84C100FAB746 /* PhotoAsset.swift */; };
		C2231A1729BA982E00FAB746 /* PhotoAssetCollection.swift in Sources */ = {isa = PBXBuildFile; fileRef = C2231A1629BA982E00FAB746 /* PhotoAssetCollection.swift */; };
		C2231A1929BA985500FAB746 /* PhotoCollection.swift in Sources */ = {isa = PBXBuildFile; fileRef = C2231A1829BA985500FAB746 /* PhotoCollection.swift */; };
		C23BC28F29F9C77100272505 /* PreviewSheet.swift in Sources */ = {isa = PBXBuildFile; fileRef = C23BC28E29F9C77100272505 /* PreviewSheet.swift */; };
		C241B84D2966224D004FD32D /* EditorView.swift in Sources */ = {isa = PBXBuildFile; fileRef = C241B84C2966224D004FD32D /* EditorView.swift */; };
		C246ED4C29886FC000BD3C8D /* grizzly.jpg in Resources */ = {isa = PBXBuildFile; fileRef = C246ED4B29886FC000BD3C8D /* grizzly.jpg */; };
		C246ED50298A918200BD3C8D /* AddImageView.swift in Sources */ = {isa = PBXBuildFile; fileRef = C246ED4F298A918200BD3C8D /* AddImageView.swift */; };
		C246ED52298A9B0C00BD3C8D /* PhotosHelper.swift in Sources */ = {isa = PBXBuildFile; fileRef = C246ED51298A9B0C00BD3C8D /* PhotosHelper.swift */; };
		C246ED5A298EFEE500BD3C8D /* DrawingModel.swift in Sources */ = {isa = PBXBuildFile; fileRef = C246ED59298EFEE500BD3C8D /* DrawingModel.swift */; };
		C26ED9D62AE8FC6C00594E4F /* PermissionsSwiftUINotification in Frameworks */ = {isa = PBXBuildFile; productRef = C26ED9D52AE8FC6C00594E4F /* PermissionsSwiftUINotification */; };
		C26ED9D82AE8FC6C00594E4F /* PermissionsSwiftUIPhoto in Frameworks */ = {isa = PBXBuildFile; productRef = C26ED9D72AE8FC6C00594E4F /* PermissionsSwiftUIPhoto */; };
		C2775A3C2AB2FCD200379863 /* Route.swift in Sources */ = {isa = PBXBuildFile; fileRef = C2775A3B2AB2FCD200379863 /* Route.swift */; };
		C285E550295987AB00C58BBC /* SplashScreen.swift in Sources */ = {isa = PBXBuildFile; fileRef = C285E54F295987AB00C58BBC /* SplashScreen.swift */; };
		C29A9C8C299EF36000A57154 /* ZoomableView.swift in Sources */ = {isa = PBXBuildFile; fileRef = C29A9C8B299EF36000A57154 /* ZoomableView.swift */; };
		C2A475FF297C8D5600E40C8A /* CommonModifiers.swift in Sources */ = {isa = PBXBuildFile; fileRef = C2A475FE297C8D5600E40C8A /* CommonModifiers.swift */; };
		C2A47601297CA0C400E40C8A /* AllAccessGalleryGrid.swift in Sources */ = {isa = PBXBuildFile; fileRef = C2A47600297CA0C400E40C8A /* AllAccessGalleryGrid.swift */; };
		C2A47603297ED69400E40C8A /* PartialAccessGalleryGrid.swift in Sources */ = {isa = PBXBuildFile; fileRef = C2A47602297ED69400E40C8A /* PartialAccessGalleryGrid.swift */; };
		C2A4760629818DB400E40C8A /* IAPScreen.swift in Sources */ = {isa = PBXBuildFile; fileRef = C2A4760529818DB400E40C8A /* IAPScreen.swift */; };
		C2BBF498294B756D00960C0A /* ObjectRemoverApp.swift in Sources */ = {isa = PBXBuildFile; fileRef = C2BBF497294B756D00960C0A /* ObjectRemoverApp.swift */; };
		C2BBF49A294B756D00960C0A /* ContentView.swift in Sources */ = {isa = PBXBuildFile; fileRef = C2BBF499294B756D00960C0A /* ContentView.swift */; };
		C2BBF49C294B756D00960C0A /* Assets.xcassets in Resources */ = {isa = PBXBuildFile; fileRef = C2BBF49B294B756D00960C0A /* Assets.xcassets */; };
		C2BBF49F294B756D00960C0A /* Preview Assets.xcassets in Resources */ = {isa = PBXBuildFile; fileRef = C2BBF49E294B756D00960C0A /* Preview Assets.xcassets */; };
		C2BBF4A9294B756D00960C0A /* ObjectRemoverTests.swift in Sources */ = {isa = PBXBuildFile; fileRef = C2BBF4A8294B756D00960C0A /* ObjectRemoverTests.swift */; };
		C2BBF4B3294B756D00960C0A /* ObjectRemoverUITests.swift in Sources */ = {isa = PBXBuildFile; fileRef = C2BBF4B2294B756D00960C0A /* ObjectRemoverUITests.swift */; };
		C2BBF4B5294B756D00960C0A /* ObjectRemoverUITestsLaunchTests.swift in Sources */ = {isa = PBXBuildFile; fileRef = C2BBF4B4294B756D00960C0A /* ObjectRemoverUITestsLaunchTests.swift */; };
		C2BBF4C3294B771300960C0A /* Lottie in Frameworks */ = {isa = PBXBuildFile; productRef = C2BBF4C2294B771300960C0A /* Lottie */; };
		C2BBF4C7294B789900960C0A /* LottieLoaderView.swift in Sources */ = {isa = PBXBuildFile; fileRef = C2BBF4C6294B789900960C0A /* LottieLoaderView.swift */; };
		C2D65C862986590F0035DBB9 /* PackageBtn.swift in Sources */ = {isa = PBXBuildFile; fileRef = C2D65C852986590F0035DBB9 /* PackageBtn.swift */; };
		C2D65C8C2987F1090035DBB9 /* PhotosModel.swift in Sources */ = {isa = PBXBuildFile; fileRef = C2D65C8B2987F1090035DBB9 /* PhotosModel.swift */; };
		C2D65C8E2987F1460035DBB9 /* ImageItem.swift in Sources */ = {isa = PBXBuildFile; fileRef = C2D65C8D2987F1460035DBB9 /* ImageItem.swift */; };
		C2D65C912987F20E0035DBB9 /* FileManagerExtensions.swift in Sources */ = {isa = PBXBuildFile; fileRef = C2D65C902987F20E0035DBB9 /* FileManagerExtensions.swift */; };
		C2EFD448297C018500CD3CB4 /* ShareScreenView.swift in Sources */ = {isa = PBXBuildFile; fileRef = C2EFD447297C018500CD3CB4 /* ShareScreenView.swift */; };
		C2F8E3862968C63A00BDF142 /* PhotoItem.swift in Sources */ = {isa = PBXBuildFile; fileRef = C2F8E3852968C63A00BDF142 /* PhotoItem.swift */; };
		C2F8E389296C016F00BDF142 /* DrawingEngine.swift in Sources */ = {isa = PBXBuildFile; fileRef = C2F8E388296C016F00BDF142 /* DrawingEngine.swift */; };
		C2F8E38B296C08F800BDF142 /* Line.swift in Sources */ = {isa = PBXBuildFile; fileRef = C2F8E38A296C08F800BDF142 /* Line.swift */; };
		C2F8E38D296C715E00BDF142 /* DrawingShape.swift in Sources */ = {isa = PBXBuildFile; fileRef = C2F8E38C296C715E00BDF142 /* DrawingShape.swift */; };
		C2F8E38F296F085100BDF142 /* MaskRenderer.swift in Sources */ = {isa = PBXBuildFile; fileRef = C2F8E38E296F085100BDF142 /* MaskRenderer.swift */; };
		C2F8E3962970282100BDF142 /* LoadingFailedView.swift in Sources */ = {isa = PBXBuildFile; fileRef = C2F8E3952970282100BDF142 /* LoadingFailedView.swift */; };
		C2F8E39829702A8600BDF142 /* LoadingConfigsView.swift in Sources */ = {isa = PBXBuildFile; fileRef = C2F8E39729702A8600BDF142 /* LoadingConfigsView.swift */; };
		C2FED4EB297046DD00FB221F /* NativeAdView.swift in Sources */ = {isa = PBXBuildFile; fileRef = C2FED4EA297046DD00FB221F /* NativeAdView.swift */; };
		C2FED4F029780F0B00FB221F /* ProgressDialogView.swift in Sources */ = {isa = PBXBuildFile; fileRef = C2FED4EF29780F0B00FB221F /* ProgressDialogView.swift */; };
		C2FED4F32979839F00FB221F /* EditorScreenView.swift in Sources */ = {isa = PBXBuildFile; fileRef = C2FED4F22979839F00FB221F /* EditorScreenView.swift */; };
		C54A8FD29B9224D265C72700 /* UndoableActionProtocol.swift in Sources */ = {isa = PBXBuildFile; fileRef = 0300243ABF977BFDFBC735AB /* UndoableActionProtocol.swift */; };
		CC26A6C8FF6932277F2E1588 /* AppCoordinator.swift in Sources */ = {isa = PBXBuildFile; fileRef = D32F53007408AAFEA8A2F028 /* AppCoordinator.swift */; };
		D1367E7C271DC89D5148893E /* EditorToolbarView.swift in Sources */ = {isa = PBXBuildFile; fileRef = 8FA89931114F9D494DBD983F /* EditorToolbarView.swift */; };
		D7848471CF388000137A34DE /* ShareCoordinator.swift in Sources */ = {isa = PBXBuildFile; fileRef = 00F9F4CBE2F36233F2BBE844 /* ShareCoordinator.swift */; };
		E24902AC0572D10EC8EFED8F /* DummyObjectRemovalService.swift in Sources */ = {isa = PBXBuildFile; fileRef = 873C05028FCF760E98B7AB8D /* DummyObjectRemovalService.swift */; };
		F17CF3A44ED026E0A5B75CF6 /* EditorContainerView.swift in Sources */ = {isa = PBXBuildFile; fileRef = D8EFC3262495D08768F65A1E /* EditorContainerView.swift */; };
		F2B03C18E0C96892221945EC /* HomeContainerView.swift in Sources */ = {isa = PBXBuildFile; fileRef = DC174EBBF6D8F6F11C192D65 /* HomeContainerView.swift */; };
		F3E2F75976A3D2A1FC2EAE28 /* UnifiedGestureHandler.swift in Sources */ = {isa = PBXBuildFile; fileRef = 080390B2919260352FD8D22B /* UnifiedGestureHandler.swift */; };
/* End PBXBuildFile section */

/* Begin PBXContainerItemProxy section */
		C2BBF4A5294B756D00960C0A /* PBXContainerItemProxy */ = {
			isa = PBXContainerItemProxy;
			containerPortal = C2BBF48C294B756D00960C0A /* Project object */;
			proxyType = 1;
			remoteGlobalIDString = C2BBF493294B756D00960C0A;
			remoteInfo = ObjectRemover;
		};
		C2BBF4AF294B756D00960C0A /* PBXContainerItemProxy */ = {
			isa = PBXContainerItemProxy;
			containerPortal = C2BBF48C294B756D00960C0A /* Project object */;
			proxyType = 1;
			remoteGlobalIDString = C2BBF493294B756D00960C0A;
			remoteInfo = ObjectRemover;
		};
/* End PBXContainerItemProxy section */

/* Begin PBXFileReference section */
		00F9F4CBE2F36233F2BBE844 /* ShareCoordinator.swift */ = {isa = PBXFileReference; includeInIndex = 1; lastKnownFileType = sourcecode.swift; name = ShareCoordinator.swift; path = Coordinators/ShareCoordinator.swift; sourceTree = "<group>"; };
		0300243ABF977BFDFBC735AB /* UndoableActionProtocol.swift */ = {isa = PBXFileReference; includeInIndex = 1; lastKnownFileType = sourcecode.swift; name = UndoableActionProtocol.swift; path = Core/Protocols/UndoableActionProtocol.swift; sourceTree = "<group>"; };
		080390B2919260352FD8D22B /* UnifiedGestureHandler.swift */ = {isa = PBXFileReference; includeInIndex = 1; lastKnownFileType = sourcecode.swift; name = UnifiedGestureHandler.swift; path = Features/Editor/Gestures/UnifiedGestureHandler.swift; sourceTree = "<group>"; };
		22FFB3A5C2FB333E6C7E4DA1 /* EditorCoordinator.swift */ = {isa = PBXFileReference; includeInIndex = 1; lastKnownFileType = sourcecode.swift; name = EditorCoordinator.swift; path = Coordinators/EditorCoordinator.swift; sourceTree = "<group>"; };
		2B97E5AC9DF87F9C85BC65B0 /* AdServiceProtocol.swift */ = {isa = PBXFileReference; includeInIndex = 1; lastKnownFileType = sourcecode.swift; name = AdServiceProtocol.swift; path = Core/Protocols/AdServiceProtocol.swift; sourceTree = "<group>"; };
		2EEA7CC21C514B45898B7DBB /* DummyAdService.swift */ = {isa = PBXFileReference; includeInIndex = 1; lastKnownFileType = sourcecode.swift; name = DummyAdService.swift; path = Core/Services/Ads/DummyAdService.swift; sourceTree = "<group>"; };
		328E0B21DC362B5D16A216B6 /* EditorCanvasView.swift */ = {isa = PBXFileReference; includeInIndex = 1; lastKnownFileType = sourcecode.swift; name = EditorCanvasView.swift; path = Features/Editor/Views/EditorCanvasView.swift; sourceTree = "<group>"; };
		416BCAE8994A2F9DEEE6E869 /* PhotoPreviewSheet.swift */ = {isa = PBXFileReference; includeInIndex = 1; lastKnownFileType = sourcecode.swift; name = PhotoPreviewSheet.swift; path = Features/Home/Views/PhotoPreviewSheet.swift; sourceTree = "<group>"; };
		4B4FC4151B27771EE4A8A86D /* SimplePhotoPicker.swift */ = {isa = PBXFileReference; includeInIndex = 1; lastKnownFileType = sourcecode.swift; name = SimplePhotoPicker.swift; path = Features/Home/Views/SimplePhotoPicker.swift; sourceTree = "<group>"; };
		54337BEEF1D2538F073EB4A9 /* DependencyContainer.swift */ = {isa = PBXFileReference; includeInIndex = 1; lastKnownFileType = sourcecode.swift; name = DependencyContainer.swift; path = App/DependencyContainer.swift; sourceTree = "<group>"; };
		5E454453BCFAEC00E66E5F81 /* SplashView.swift */ = {isa = PBXFileReference; includeInIndex = 1; lastKnownFileType = sourcecode.swift; name = SplashView.swift; path = Features/Splash/SplashView.swift; sourceTree = "<group>"; };
		6027AD2566DBC7BE32D2D649 /* EditorViewModel.swift */ = {isa = PBXFileReference; includeInIndex = 1; lastKnownFileType = sourcecode.swift; name = EditorViewModel.swift; path = Features/Editor/ViewModels/EditorViewModel.swift; sourceTree = "<group>"; };
		75612B84DA613761B7BA2689 /* ObjectRemovalServiceProtocol.swift */ = {isa = PBXFileReference; includeInIndex = 1; lastKnownFileType = sourcecode.swift; name = ObjectRemovalServiceProtocol.swift; path = Core/Protocols/ObjectRemovalServiceProtocol.swift; sourceTree = "<group>"; };
		79B27BE02B0EFA972F23A0B8 /* DefaultImageRepository.swift */ = {isa = PBXFileReference; includeInIndex = 1; lastKnownFileType = sourcecode.swift; name = DefaultImageRepository.swift; path = Core/Services/ImageProcessing/DefaultImageRepository.swift; sourceTree = "<group>"; };
		7E1112257FF793314367E22E /* ImageScaler.swift */ = {isa = PBXFileReference; includeInIndex = 1; lastKnownFileType = sourcecode.swift; name = ImageScaler.swift; path = Core/Services/ImageProcessing/ImageScaler.swift; sourceTree = "<group>"; };
		873C05028FCF760E98B7AB8D /* DummyObjectRemovalService.swift */ = {isa = PBXFileReference; includeInIndex = 1; lastKnownFileType = sourcecode.swift; name = DummyObjectRemovalService.swift; path = Core/Services/ObjectRemoval/DummyObjectRemovalService.swift; sourceTree = "<group>"; };
		8FA89931114F9D494DBD983F /* EditorToolbarView.swift */ = {isa = PBXFileReference; includeInIndex = 1; lastKnownFileType = sourcecode.swift; name = EditorToolbarView.swift; path = Features/Editor/Views/EditorToolbarView.swift; sourceTree = "<group>"; };
		9A6E0452E6D866033B30F8BF /* GalleryGridView.swift */ = {isa = PBXFileReference; includeInIndex = 1; lastKnownFileType = sourcecode.swift; name = GalleryGridView.swift; path = Features/Home/Views/GalleryGridView.swift; sourceTree = "<group>"; };
		9A9E143D019F2D60FF9B50CF /* RootView.swift */ = {isa = PBXFileReference; includeInIndex = 1; lastKnownFileType = sourcecode.swift; name = RootView.swift; path = App/RootView.swift; sourceTree = "<group>"; };
		A2ED87DB27FD4B5248BB307B /* ImageRepositoryProtocol.swift */ = {isa = PBXFileReference; includeInIndex = 1; lastKnownFileType = sourcecode.swift; name = ImageRepositoryProtocol.swift; path = Core/Protocols/ImageRepositoryProtocol.swift; sourceTree = "<group>"; };
		AB5F9BD380B58413293D02D4 /* ShareContainerView.swift */ = {isa = PBXFileReference; includeInIndex = 1; lastKnownFileType = sourcecode.swift; name = ShareContainerView.swift; path = Features/Share/Views/ShareContainerView.swift; sourceTree = "<group>"; };
		B809413BB3CF8B196EF94C51 /* MemoryChecker.swift */ = {isa = PBXFileReference; includeInIndex = 1; lastKnownFileType = sourcecode.swift; name = MemoryChecker.swift; path = Core/Services/ImageProcessing/MemoryChecker.swift; sourceTree = "<group>"; };
		C205FC04295990D1009DCD97 /* qr-code-loader.json */ = {isa = PBXFileReference; fileEncoding = 4; lastKnownFileType = text.json; path = "qr-code-loader.json"; sourceTree = "<group>"; };
		C205FC0729599333009DCD97 /* HomeView.swift */ = {isa = PBXFileReference; lastKnownFileType = sourcecode.swift; path = HomeView.swift; sourceTree = "<group>"; };
		C205FC092959F571009DCD97 /* PhotoPicker.swift */ = {isa = PBXFileReference; lastKnownFileType = sourcecode.swift; path = PhotoPicker.swift; sourceTree = "<group>"; };
		C205FC0C295B31B4009DCD97 /* PhotoAccessView.swift */ = {isa = PBXFileReference; lastKnownFileType = sourcecode.swift; path = PhotoAccessView.swift; sourceTree = "<group>"; };
		C205FC18296487C1009DCD97 /* Gilroy-ThinItalic.ttf */ = {isa = PBXFileReference; lastKnownFileType = file; path = "Gilroy-ThinItalic.ttf"; sourceTree = "<group>"; };
		C205FC19296487C1009DCD97 /* Gilroy-Light.ttf */ = {isa = PBXFileReference; lastKnownFileType = file; path = "Gilroy-Light.ttf"; sourceTree = "<group>"; };
		C205FC1A296487C1009DCD97 /* Gilroy-BlackItalic.ttf */ = {isa = PBXFileReference; lastKnownFileType = file; path = "Gilroy-BlackItalic.ttf"; sourceTree = "<group>"; };
		C205FC1B296487C1009DCD97 /* Gilroy-MediumItalic.ttf */ = {isa = PBXFileReference; lastKnownFileType = file; path = "Gilroy-MediumItalic.ttf"; sourceTree = "<group>"; };
		C205FC1C296487C1009DCD97 /* Gilroy-ExtraBoldItalic.ttf */ = {isa = PBXFileReference; lastKnownFileType = file; path = "Gilroy-ExtraBoldItalic.ttf"; sourceTree = "<group>"; };
		C205FC1D296487C2009DCD97 /* Gilroy-Medium.ttf */ = {isa = PBXFileReference; lastKnownFileType = file; path = "Gilroy-Medium.ttf"; sourceTree = "<group>"; };
		C205FC1E296487C2009DCD97 /* Gilroy-HeavyItalic.ttf */ = {isa = PBXFileReference; lastKnownFileType = file; path = "Gilroy-HeavyItalic.ttf"; sourceTree = "<group>"; };
		C205FC1F296487C2009DCD97 /* Gilroy-BoldItalic.ttf */ = {isa = PBXFileReference; lastKnownFileType = file; path = "Gilroy-BoldItalic.ttf"; sourceTree = "<group>"; };
		C205FC20296487C2009DCD97 /* Gilroy-Black.ttf */ = {isa = PBXFileReference; lastKnownFileType = file; path = "Gilroy-Black.ttf"; sourceTree = "<group>"; };
		C205FC21296487C2009DCD97 /* Gilroy-Bold.ttf */ = {isa = PBXFileReference; lastKnownFileType = file; path = "Gilroy-Bold.ttf"; sourceTree = "<group>"; };
		C205FC22296487C2009DCD97 /* Gilroy-Heavy.ttf */ = {isa = PBXFileReference; lastKnownFileType = file; path = "Gilroy-Heavy.ttf"; sourceTree = "<group>"; };
		C205FC23296487C2009DCD97 /* Gilroy-Regular.ttf */ = {isa = PBXFileReference; lastKnownFileType = file; path = "Gilroy-Regular.ttf"; sourceTree = "<group>"; };
		C205FC24296487C2009DCD97 /* Gilroy-SemiBold.ttf */ = {isa = PBXFileReference; lastKnownFileType = file; path = "Gilroy-SemiBold.ttf"; sourceTree = "<group>"; };
		C205FC25296487C2009DCD97 /* Gilroy-RegularItalic.ttf */ = {isa = PBXFileReference; lastKnownFileType = file; path = "Gilroy-RegularItalic.ttf"; sourceTree = "<group>"; };
		C205FC26296487C2009DCD97 /* Gilroy-SemiBoldItalic.ttf */ = {isa = PBXFileReference; lastKnownFileType = file; path = "Gilroy-SemiBoldItalic.ttf"; sourceTree = "<group>"; };
		C205FC27296487C2009DCD97 /* Gilroy-Thin.ttf */ = {isa = PBXFileReference; lastKnownFileType = file; path = "Gilroy-Thin.ttf"; sourceTree = "<group>"; };
		C205FC28296487C3009DCD97 /* Gilroy-UltraLight.ttf */ = {isa = PBXFileReference; lastKnownFileType = file; path = "Gilroy-UltraLight.ttf"; sourceTree = "<group>"; };
		C205FC29296487C3009DCD97 /* Gilroy-UltraLightItalic.ttf */ = {isa = PBXFileReference; lastKnownFileType = file; path = "Gilroy-UltraLightItalic.ttf"; sourceTree = "<group>"; };
		C205FC2A296487C3009DCD97 /* Gilroy-ExtraBold.ttf */ = {isa = PBXFileReference; lastKnownFileType = file; path = "Gilroy-ExtraBold.ttf"; sourceTree = "<group>"; };
		C205FC2B296487C3009DCD97 /* Gilroy-LightItalic.ttf */ = {isa = PBXFileReference; lastKnownFileType = file; path = "Gilroy-LightItalic.ttf"; sourceTree = "<group>"; };
		C205FC4129648850009DCD97 /* Info.plist */ = {isa = PBXFileReference; lastKnownFileType = text.plist; path = Info.plist; sourceTree = "<group>"; };
		C20C02F929EDFAF900744908 /* NavigationManager.swift */ = {isa = PBXFileReference; lastKnownFileType = sourcecode.swift; path = NavigationManager.swift; sourceTree = "<group>"; };
		C2157213299AC7AC00369F18 /* TwoFingerPanGesture.swift */ = {isa = PBXFileReference; lastKnownFileType = sourcecode.swift; path = TwoFingerPanGesture.swift; sourceTree = "<group>"; };
		C2231A0E29BA7CA000FAB746 /* PhotoItemView.swift */ = {isa = PBXFileReference; lastKnownFileType = sourcecode.swift; path = PhotoItemView.swift; sourceTree = "<group>"; };
		C2231A1029BA849F00FAB746 /* CachedImageManager.swift */ = {isa = PBXFileReference; lastKnownFileType = sourcecode.swift; path = CachedImageManager.swift; sourceTree = "<group>"; };
		C2231A1229BA84C100FAB746 /* PhotoAsset.swift */ = {isa = PBXFileReference; lastKnownFileType = sourcecode.swift; path = PhotoAsset.swift; sourceTree = "<group>"; };
		C2231A1629BA982E00FAB746 /* PhotoAssetCollection.swift */ = {isa = PBXFileReference; lastKnownFileType = sourcecode.swift; path = PhotoAssetCollection.swift; sourceTree = "<group>"; };
		C2231A1829BA985500FAB746 /* PhotoCollection.swift */ = {isa = PBXFileReference; lastKnownFileType = sourcecode.swift; path = PhotoCollection.swift; sourceTree = "<group>"; };
		C23BC28E29F9C77100272505 /* PreviewSheet.swift */ = {isa = PBXFileReference; lastKnownFileType = sourcecode.swift; path = PreviewSheet.swift; sourceTree = "<group>"; };
		C241B84C2966224D004FD32D /* EditorView.swift */ = {isa = PBXFileReference; lastKnownFileType = sourcecode.swift; path = EditorView.swift; sourceTree = "<group>"; };
		C246ED4B29886FC000BD3C8D /* grizzly.jpg */ = {isa = PBXFileReference; lastKnownFileType = image.jpeg; path = grizzly.jpg; sourceTree = "<group>"; };
		C246ED4F298A918200BD3C8D /* AddImageView.swift */ = {isa = PBXFileReference; lastKnownFileType = sourcecode.swift; path = AddImageView.swift; sourceTree = "<group>"; };
		C246ED51298A9B0C00BD3C8D /* PhotosHelper.swift */ = {isa = PBXFileReference; lastKnownFileType = sourcecode.swift; path = PhotosHelper.swift; sourceTree = "<group>"; };
		C246ED59298EFEE500BD3C8D /* DrawingModel.swift */ = {isa = PBXFileReference; lastKnownFileType = sourcecode.swift; path = DrawingModel.swift; sourceTree = "<group>"; };
		C2775A3B2AB2FCD200379863 /* Route.swift */ = {isa = PBXFileReference; lastKnownFileType = sourcecode.swift; path = Route.swift; sourceTree = "<group>"; };
		C285E54F295987AB00C58BBC /* SplashScreen.swift */ = {isa = PBXFileReference; lastKnownFileType = sourcecode.swift; path = SplashScreen.swift; sourceTree = "<group>"; };
		C29A9C8B299EF36000A57154 /* ZoomableView.swift */ = {isa = PBXFileReference; lastKnownFileType = sourcecode.swift; path = ZoomableView.swift; sourceTree = "<group>"; };
		C2A475FE297C8D5600E40C8A /* CommonModifiers.swift */ = {isa = PBXFileReference; lastKnownFileType = sourcecode.swift; path = CommonModifiers.swift; sourceTree = "<group>"; };
		C2A47600297CA0C400E40C8A /* AllAccessGalleryGrid.swift */ = {isa = PBXFileReference; lastKnownFileType = sourcecode.swift; path = AllAccessGalleryGrid.swift; sourceTree = "<group>"; };
		C2A47602297ED69400E40C8A /* PartialAccessGalleryGrid.swift */ = {isa = PBXFileReference; lastKnownFileType = sourcecode.swift; path = PartialAccessGalleryGrid.swift; sourceTree = "<group>"; };
		C2A4760529818DB400E40C8A /* IAPScreen.swift */ = {isa = PBXFileReference; lastKnownFileType = sourcecode.swift; path = IAPScreen.swift; sourceTree = "<group>"; };
		C2BBF494294B756D00960C0A /* ObjectRemover.app */ = {isa = PBXFileReference; explicitFileType = wrapper.application; includeInIndex = 0; path = ObjectRemover.app; sourceTree = BUILT_PRODUCTS_DIR; };
		C2BBF497294B756D00960C0A /* ObjectRemoverApp.swift */ = {isa = PBXFileReference; lastKnownFileType = sourcecode.swift; path = ObjectRemoverApp.swift; sourceTree = "<group>"; };
		C2BBF499294B756D00960C0A /* ContentView.swift */ = {isa = PBXFileReference; lastKnownFileType = sourcecode.swift; path = ContentView.swift; sourceTree = "<group>"; };
		C2BBF49B294B756D00960C0A /* Assets.xcassets */ = {isa = PBXFileReference; lastKnownFileType = folder.assetcatalog; path = Assets.xcassets; sourceTree = "<group>"; };
		C2BBF49E294B756D00960C0A /* Preview Assets.xcassets */ = {isa = PBXFileReference; lastKnownFileType = folder.assetcatalog; path = "Preview Assets.xcassets"; sourceTree = "<group>"; };
		C2BBF4A4294B756D00960C0A /* ObjectRemoverTests.xctest */ = {isa = PBXFileReference; explicitFileType = wrapper.cfbundle; includeInIndex = 0; path = ObjectRemoverTests.xctest; sourceTree = BUILT_PRODUCTS_DIR; };
		C2BBF4A8294B756D00960C0A /* ObjectRemoverTests.swift */ = {isa = PBXFileReference; lastKnownFileType = sourcecode.swift; path = ObjectRemoverTests.swift; sourceTree = "<group>"; };
		C2BBF4AE294B756D00960C0A /* ObjectRemoverUITests.xctest */ = {isa = PBXFileReference; explicitFileType = wrapper.cfbundle; includeInIndex = 0; path = ObjectRemoverUITests.xctest; sourceTree = BUILT_PRODUCTS_DIR; };
		C2BBF4B2294B756D00960C0A /* ObjectRemoverUITests.swift */ = {isa = PBXFileReference; lastKnownFileType = sourcecode.swift; path = ObjectRemoverUITests.swift; sourceTree = "<group>"; };
		C2BBF4B4294B756D00960C0A /* ObjectRemoverUITestsLaunchTests.swift */ = {isa = PBXFileReference; lastKnownFileType = sourcecode.swift; path = ObjectRemoverUITestsLaunchTests.swift; sourceTree = "<group>"; };
		C2BBF4C6294B789900960C0A /* LottieLoaderView.swift */ = {isa = PBXFileReference; lastKnownFileType = sourcecode.swift; path = LottieLoaderView.swift; sourceTree = "<group>"; };
		C2D65C852986590F0035DBB9 /* PackageBtn.swift */ = {isa = PBXFileReference; lastKnownFileType = sourcecode.swift; path = PackageBtn.swift; sourceTree = "<group>"; };
		C2D65C8B2987F1090035DBB9 /* PhotosModel.swift */ = {isa = PBXFileReference; lastKnownFileType = sourcecode.swift; path = PhotosModel.swift; sourceTree = "<group>"; };
		C2D65C8D2987F1460035DBB9 /* ImageItem.swift */ = {isa = PBXFileReference; lastKnownFileType = sourcecode.swift; path = ImageItem.swift; sourceTree = "<group>"; };
		C2D65C902987F20E0035DBB9 /* FileManagerExtensions.swift */ = {isa = PBXFileReference; lastKnownFileType = sourcecode.swift; path = FileManagerExtensions.swift; sourceTree = "<group>"; };
		C2EFD447297C018500CD3CB4 /* ShareScreenView.swift */ = {isa = PBXFileReference; lastKnownFileType = sourcecode.swift; path = ShareScreenView.swift; sourceTree = "<group>"; };
		C2F8E3852968C63A00BDF142 /* PhotoItem.swift */ = {isa = PBXFileReference; lastKnownFileType = sourcecode.swift; path = PhotoItem.swift; sourceTree = "<group>"; };
		C2F8E388296C016F00BDF142 /* DrawingEngine.swift */ = {isa = PBXFileReference; lastKnownFileType = sourcecode.swift; path = DrawingEngine.swift; sourceTree = "<group>"; };
		C2F8E38A296C08F800BDF142 /* Line.swift */ = {isa = PBXFileReference; lastKnownFileType = sourcecode.swift; path = Line.swift; sourceTree = "<group>"; };
		C2F8E38C296C715E00BDF142 /* DrawingShape.swift */ = {isa = PBXFileReference; lastKnownFileType = sourcecode.swift; path = DrawingShape.swift; sourceTree = "<group>"; };
		C2F8E38E296F085100BDF142 /* MaskRenderer.swift */ = {isa = PBXFileReference; lastKnownFileType = sourcecode.swift; path = MaskRenderer.swift; sourceTree = "<group>"; };
		C2F8E3952970282100BDF142 /* LoadingFailedView.swift */ = {isa = PBXFileReference; lastKnownFileType = sourcecode.swift; path = LoadingFailedView.swift; sourceTree = "<group>"; };
		C2F8E39729702A8600BDF142 /* LoadingConfigsView.swift */ = {isa = PBXFileReference; lastKnownFileType = sourcecode.swift; path = LoadingConfigsView.swift; sourceTree = "<group>"; };
		C2FED4EA297046DD00FB221F /* NativeAdView.swift */ = {isa = PBXFileReference; lastKnownFileType = sourcecode.swift; path = NativeAdView.swift; sourceTree = "<group>"; };
		C2FED4EF29780F0B00FB221F /* ProgressDialogView.swift */ = {isa = PBXFileReference; lastKnownFileType = sourcecode.swift; path = ProgressDialogView.swift; sourceTree = "<group>"; };
		C2FED4F22979839F00FB221F /* EditorScreenView.swift */ = {isa = PBXFileReference; lastKnownFileType = sourcecode.swift; path = EditorScreenView.swift; sourceTree = "<group>"; };
		D32F53007408AAFEA8A2F028 /* AppCoordinator.swift */ = {isa = PBXFileReference; includeInIndex = 1; lastKnownFileType = sourcecode.swift; name = AppCoordinator.swift; path = Coordinators/AppCoordinator.swift; sourceTree = "<group>"; };
		D8EFC3262495D08768F65A1E /* EditorContainerView.swift */ = {isa = PBXFileReference; includeInIndex = 1; lastKnownFileType = sourcecode.swift; name = EditorContainerView.swift; path = Features/Editor/Views/EditorContainerView.swift; sourceTree = "<group>"; };
		D971A94FDB1419ABB4AC7B3E /* HomeCoordinator.swift */ = {isa = PBXFileReference; includeInIndex = 1; lastKnownFileType = sourcecode.swift; name = HomeCoordinator.swift; path = Coordinators/HomeCoordinator.swift; sourceTree = "<group>"; };
		DC174EBBF6D8F6F11C192D65 /* HomeContainerView.swift */ = {isa = PBXFileReference; includeInIndex = 1; lastKnownFileType = sourcecode.swift; name = HomeContainerView.swift; path = Features/Home/Views/HomeContainerView.swift; sourceTree = "<group>"; };
		FDD147F608038F7CE8EF6837 /* CloneStampTool.swift */ = {isa = PBXFileReference; includeInIndex = 1; lastKnownFileType = sourcecode.swift; name = CloneStampTool.swift; path = Features/Editor/Tools/CloneStampTool.swift; sourceTree = "<group>"; };
/* End PBXFileReference section */

/* Begin PBXFrameworksBuildPhase section */
		C2BBF491294B756D00960C0A /* Frameworks */ = {
			isa = PBXFrameworksBuildPhase;
			buildActionMask = 2147483647;
			files = (
				C26ED9D62AE8FC6C00594E4F /* PermissionsSwiftUINotification in Frameworks */,
				C2BBF4C3294B771300960C0A /* Lottie in Frameworks */,
				C26ED9D82AE8FC6C00594E4F /* PermissionsSwiftUIPhoto in Frameworks */,
			);
			runOnlyForDeploymentPostprocessing = 0;
		};
		C2BBF4A1294B756D00960C0A /* Frameworks */ = {
			isa = PBXFrameworksBuildPhase;
			buildActionMask = 2147483647;
			files = (
			);
			runOnlyForDeploymentPostprocessing = 0;
		};
		C2BBF4AB294B756D00960C0A /* Frameworks */ = {
			isa = PBXFrameworksBuildPhase;
			buildActionMask = 2147483647;
			files = (
			);
			runOnlyForDeploymentPostprocessing = 0;
		};
/* End PBXFrameworksBuildPhase section */

/* Begin PBXGroup section */
		055B3676438762E92952F598 /* Home */ = {
			isa = PBXGroup;
			children = (
				2DF4760E8C06E38CFA9E63F2 /* Views */,
			);
			name = Home;
			sourceTree = "<group>";
		};
		0C2E1CD3EB19D422A4601034 /* Tools */ = {
			isa = PBXGroup;
			children = (
				FDD147F608038F7CE8EF6837 /* CloneStampTool.swift */,
			);
			name = Tools;
			sourceTree = "<group>";
		};
		23AB3624F717475A3D2103E5 /* Gestures */ = {
			isa = PBXGroup;
			children = (
				080390B2919260352FD8D22B /* UnifiedGestureHandler.swift */,
			);
			name = Gestures;
			sourceTree = "<group>";
		};
		2DF4760E8C06E38CFA9E63F2 /* Views */ = {
			isa = PBXGroup;
			children = (
				DC174EBBF6D8F6F11C192D65 /* HomeContainerView.swift */,
				9A6E0452E6D866033B30F8BF /* GalleryGridView.swift */,
				416BCAE8994A2F9DEEE6E869 /* PhotoPreviewSheet.swift */,
				4B4FC4151B27771EE4A8A86D /* SimplePhotoPicker.swift */,
			);
			name = Views;
			sourceTree = "<group>";
		};
		342037CF112AEB1A2A915763 /* Core */ = {
			isa = PBXGroup;
			children = (
				7A35358C68B0E9C51C461848 /* Protocols */,
				F266C9CA6D0FE68B046DFC00 /* Services */,
			);
			name = Core;
			sourceTree = "<group>";
		};
		3F692046B66347102E04642E /* ObjectRemoval */ = {
			isa = PBXGroup;
			children = (
				873C05028FCF760E98B7AB8D /* DummyObjectRemovalService.swift */,
			);
			name = ObjectRemoval;
			sourceTree = "<group>";
		};
		400E43904D1C486250620D0A /* Views */ = {
			isa = PBXGroup;
			children = (
				D8EFC3262495D08768F65A1E /* EditorContainerView.swift */,
				328E0B21DC362B5D16A216B6 /* EditorCanvasView.swift */,
				8FA89931114F9D494DBD983F /* EditorToolbarView.swift */,
			);
			name = Views;
			sourceTree = "<group>";
		};
		4E60365EF1ECB8894D346EC3 /* ImageProcessing */ = {
			isa = PBXGroup;
			children = (
				B809413BB3CF8B196EF94C51 /* MemoryChecker.swift */,
				7E1112257FF793314367E22E /* ImageScaler.swift */,
				79B27BE02B0EFA972F23A0B8 /* DefaultImageRepository.swift */,
			);
			name = ImageProcessing;
			sourceTree = "<group>";
		};
		4FAD322572ABEB4D3A428A0A /* Coordinators */ = {
			isa = PBXGroup;
			children = (
				D32F53007408AAFEA8A2F028 /* AppCoordinator.swift */,
				D971A94FDB1419ABB4AC7B3E /* HomeCoordinator.swift */,
				22FFB3A5C2FB333E6C7E4DA1 /* EditorCoordinator.swift */,
				00F9F4CBE2F36233F2BBE844 /* ShareCoordinator.swift */,
			);
			name = Coordinators;
			sourceTree = "<group>";
		};
		5DE5DBD0AF9B6D7B6583CEA9 /* Editor */ = {
			isa = PBXGroup;
			children = (
				400E43904D1C486250620D0A /* Views */,
				78E92C0025F7C043916D6C92 /* ViewModels */,
				23AB3624F717475A3D2103E5 /* Gestures */,
				0C2E1CD3EB19D422A4601034 /* Tools */,
			);
			name = Editor;
			sourceTree = "<group>";
		};
		749F28085BD90BF3E16EBF0F /* Views */ = {
			isa = PBXGroup;
			children = (
				AB5F9BD380B58413293D02D4 /* ShareContainerView.swift */,
			);
			name = Views;
			sourceTree = "<group>";
		};
		78E92C0025F7C043916D6C92 /* ViewModels */ = {
			isa = PBXGroup;
			children = (
				6027AD2566DBC7BE32D2D649 /* EditorViewModel.swift */,
			);
			name = ViewModels;
			sourceTree = "<group>";
		};
		7A35358C68B0E9C51C461848 /* Protocols */ = {
			isa = PBXGroup;
			children = (
				75612B84DA613761B7BA2689 /* ObjectRemovalServiceProtocol.swift */,
				2B97E5AC9DF87F9C85BC65B0 /* AdServiceProtocol.swift */,
				A2ED87DB27FD4B5248BB307B /* ImageRepositoryProtocol.swift */,
				0300243ABF977BFDFBC735AB /* UndoableActionProtocol.swift */,
			);
			name = Protocols;
			sourceTree = "<group>";
		};
		816DB16500E67D29C899EF91 /* App */ = {
			isa = PBXGroup;
			children = (
				54337BEEF1D2538F073EB4A9 /* DependencyContainer.swift */,
				9A9E143D019F2D60FF9B50CF /* RootView.swift */,
			);
			name = App;
			sourceTree = "<group>";
		};
		8D81FE35B496D2A48E72D14C /* Ads */ = {
			isa = PBXGroup;
			children = (
				2EEA7CC21C514B45898B7DBB /* DummyAdService.swift */,
			);
			name = Ads;
			sourceTree = "<group>";
		};
		B74E40E63165D131A5418C01 /* Features */ = {
			isa = PBXGroup;
			children = (
				CBE94C3DEA0606FB08170905 /* Splash */,
				055B3676438762E92952F598 /* Home */,
				5DE5DBD0AF9B6D7B6583CEA9 /* Editor */,
				FF39526942471661F96B55B2 /* Share */,
			);
			name = Features;
			sourceTree = "<group>";
		};
		C205FC0629599316009DCD97 /* HomeScreen */ = {
			isa = PBXGroup;
			children = (
				C2231A0D29BA767400FAB746 /* PhotosCollection */,
				C2F8E3842968C61D00BDF142 /* HomeModels */,
				C205FC0729599333009DCD97 /* HomeView.swift */,
				C205FC092959F571009DCD97 /* PhotoPicker.swift */,
				C2A47600297CA0C400E40C8A /* AllAccessGalleryGrid.swift */,
				C2A47602297ED69400E40C8A /* PartialAccessGalleryGrid.swift */,
				C246ED4F298A918200BD3C8D /* AddImageView.swift */,
				C23BC28E29F9C77100272505 /* PreviewSheet.swift */,
			);
			path = HomeScreen;
			sourceTree = "<group>";
		};
		C205FC0B295B318C009DCD97 /* CommonUI */ = {
			isa = PBXGroup;
			children = (
				C205FC0C295B31B4009DCD97 /* PhotoAccessView.swift */,
				C2FED4EA297046DD00FB221F /* NativeAdView.swift */,
				C2FED4EF29780F0B00FB221F /* ProgressDialogView.swift */,
			);
			path = CommonUI;
			sourceTree = "<group>";
		};
		C205FC40296487CA009DCD97 /* fonts */ = {
			isa = PBXGroup;
			children = (
				C205FC20296487C2009DCD97 /* Gilroy-Black.ttf */,
				C205FC1A296487C1009DCD97 /* Gilroy-BlackItalic.ttf */,
				C205FC21296487C2009DCD97 /* Gilroy-Bold.ttf */,
				C205FC1F296487C2009DCD97 /* Gilroy-BoldItalic.ttf */,
				C205FC2A296487C3009DCD97 /* Gilroy-ExtraBold.ttf */,
				C205FC1C296487C1009DCD97 /* Gilroy-ExtraBoldItalic.ttf */,
				C205FC22296487C2009DCD97 /* Gilroy-Heavy.ttf */,
				C205FC1E296487C2009DCD97 /* Gilroy-HeavyItalic.ttf */,
				C205FC19296487C1009DCD97 /* Gilroy-Light.ttf */,
				C205FC2B296487C3009DCD97 /* Gilroy-LightItalic.ttf */,
				C205FC1D296487C2009DCD97 /* Gilroy-Medium.ttf */,
				C205FC1B296487C1009DCD97 /* Gilroy-MediumItalic.ttf */,
				C205FC23296487C2009DCD97 /* Gilroy-Regular.ttf */,
				C205FC25296487C2009DCD97 /* Gilroy-RegularItalic.ttf */,
				C205FC24296487C2009DCD97 /* Gilroy-SemiBold.ttf */,
				C205FC26296487C2009DCD97 /* Gilroy-SemiBoldItalic.ttf */,
				C205FC27296487C2009DCD97 /* Gilroy-Thin.ttf */,
				C205FC18296487C1009DCD97 /* Gilroy-ThinItalic.ttf */,
				C205FC28296487C3009DCD97 /* Gilroy-UltraLight.ttf */,
				C205FC29296487C3009DCD97 /* Gilroy-UltraLightItalic.ttf */,
			);
			path = fonts;
			sourceTree = "<group>";
		};
		C20C02F829EDFADE00744908 /* Navigation */ = {
			isa = PBXGroup;
			children = (
				C20C02F929EDFAF900744908 /* NavigationManager.swift */,
				C2775A3B2AB2FCD200379863 /* Route.swift */,
			);
			path = Navigation;
			sourceTree = "<group>";
		};
		C2157212299AC77C00369F18 /* Gestures */ = {
			isa = PBXGroup;
			children = (
				C2157213299AC7AC00369F18 /* TwoFingerPanGesture.swift */,
				C29A9C8B299EF36000A57154 /* ZoomableView.swift */,
			);
			path = Gestures;
			sourceTree = "<group>";
		};
		C2231A0D29BA767400FAB746 /* PhotosCollection */ = {
			isa = PBXGroup;
			children = (
				C2231A0E29BA7CA000FAB746 /* PhotoItemView.swift */,
				C2231A1029BA849F00FAB746 /* CachedImageManager.swift */,
				C2231A1229BA84C100FAB746 /* PhotoAsset.swift */,
				C2231A1629BA982E00FAB746 /* PhotoAssetCollection.swift */,
				C2231A1829BA985500FAB746 /* PhotoCollection.swift */,
			);
			path = PhotosCollection;
			sourceTree = "<group>";
		};
		C246ED4A29886FA300BD3C8D /* Resources */ = {
			isa = PBXGroup;
			children = (
				C246ED4B29886FC000BD3C8D /* grizzly.jpg */,
			);
			path = Resources;
			sourceTree = "<group>";
		};
		C2A475FD297C8D2200E40C8A /* CommonModifiers */ = {
			isa = PBXGroup;
			children = (
				C2A475FE297C8D5600E40C8A /* CommonModifiers.swift */,
			);
			path = CommonModifiers;
			sourceTree = "<group>";
		};
		C2A4760429818D7C00E40C8A /* IAPScreen */ = {
			isa = PBXGroup;
			children = (
				C2A4760529818DB400E40C8A /* IAPScreen.swift */,
				C2D65C852986590F0035DBB9 /* PackageBtn.swift */,
			);
			path = IAPScreen;
			sourceTree = "<group>";
		};
		C2BBF48B294B756D00960C0A = {
			isa = PBXGroup;
			children = (
				C2BBF496294B756D00960C0A /* ObjectRemover */,
				C2BBF4A7294B756D00960C0A /* ObjectRemoverTests */,
				C2BBF4B1294B756D00960C0A /* ObjectRemoverUITests */,
				C2BBF495294B756D00960C0A /* Products */,
			);
			sourceTree = "<group>";
		};
		C2BBF495294B756D00960C0A /* Products */ = {
			isa = PBXGroup;
			children = (
				C2BBF494294B756D00960C0A /* ObjectRemover.app */,
				C2BBF4A4294B756D00960C0A /* ObjectRemoverTests.xctest */,
				C2BBF4AE294B756D00960C0A /* ObjectRemoverUITests.xctest */,
			);
			name = Products;
			sourceTree = "<group>";
		};
		C2BBF496294B756D00960C0A /* ObjectRemover */ = {
			isa = PBXGroup;
			children = (
				C20C02F829EDFADE00744908 /* Navigation */,
				C246ED4A29886FA300BD3C8D /* Resources */,
				C2D65C8F2987F1DA0035DBB9 /* UtilExtensions */,
				C2A4760429818D7C00E40C8A /* IAPScreen */,
				C2A475FD297C8D2200E40C8A /* CommonModifiers */,
				C2EFD446297C016800CD3CB4 /* ShareScreen */,
				C2FED4F12979837A00FB221F /* EditorScreen */,
				C2F8E387296C015A00BDF142 /* DrawingEngine */,
				C205FC4129648850009DCD97 /* Info.plist */,
				C205FC40296487CA009DCD97 /* fonts */,
				C205FC0B295B318C009DCD97 /* CommonUI */,
				C205FC0629599316009DCD97 /* HomeScreen */,
				C2BBF4C5294B787200960C0A /* LottieViews */,
				C2BBF4C4294B777B00960C0A /* SplashScreen */,
				C2BBF497294B756D00960C0A /* ObjectRemoverApp.swift */,
				C2BBF499294B756D00960C0A /* ContentView.swift */,
				C2BBF49B294B756D00960C0A /* Assets.xcassets */,
				C2BBF49D294B756D00960C0A /* Preview Content */,
				C246ED51298A9B0C00BD3C8D /* PhotosHelper.swift */,
				816DB16500E67D29C899EF91 /* App */,
				342037CF112AEB1A2A915763 /* Core */,
				4FAD322572ABEB4D3A428A0A /* Coordinators */,
				B74E40E63165D131A5418C01 /* Features */,
			);
			path = ObjectRemover;
			sourceTree = "<group>";
		};
		C2BBF49D294B756D00960C0A /* Preview Content */ = {
			isa = PBXGroup;
			children = (
				C2BBF49E294B756D00960C0A /* Preview Assets.xcassets */,
			);
			path = "Preview Content";
			sourceTree = "<group>";
		};
		C2BBF4A7294B756D00960C0A /* ObjectRemoverTests */ = {
			isa = PBXGroup;
			children = (
				C2BBF4A8294B756D00960C0A /* ObjectRemoverTests.swift */,
			);
			path = ObjectRemoverTests;
			sourceTree = "<group>";
		};
		C2BBF4B1294B756D00960C0A /* ObjectRemoverUITests */ = {
			isa = PBXGroup;
			children = (
				C2BBF4B2294B756D00960C0A /* ObjectRemoverUITests.swift */,
				C2BBF4B4294B756D00960C0A /* ObjectRemoverUITestsLaunchTests.swift */,
			);
			path = ObjectRemoverUITests;
			sourceTree = "<group>";
		};
		C2BBF4C4294B777B00960C0A /* SplashScreen */ = {
			isa = PBXGroup;
			children = (
				C2F8E3952970282100BDF142 /* LoadingFailedView.swift */,
				C285E54F295987AB00C58BBC /* SplashScreen.swift */,
				C2F8E39729702A8600BDF142 /* LoadingConfigsView.swift */,
			);
			path = SplashScreen;
			sourceTree = "<group>";
		};
		C2BBF4C5294B787200960C0A /* LottieViews */ = {
			isa = PBXGroup;
			children = (
				C205FC04295990D1009DCD97 /* qr-code-loader.json */,
				C2BBF4C6294B789900960C0A /* LottieLoaderView.swift */,
			);
			path = LottieViews;
			sourceTree = "<group>";
		};
		C2D65C8F2987F1DA0035DBB9 /* UtilExtensions */ = {
			isa = PBXGroup;
			children = (
				C2D65C902987F20E0035DBB9 /* FileManagerExtensions.swift */,
			);
			path = UtilExtensions;
			sourceTree = "<group>";
		};
		C2EFD446297C016800CD3CB4 /* ShareScreen */ = {
			isa = PBXGroup;
			children = (
				C2EFD447297C018500CD3CB4 /* ShareScreenView.swift */,
			);
			path = ShareScreen;
			sourceTree = "<group>";
		};
		C2F8E3842968C61D00BDF142 /* HomeModels */ = {
			isa = PBXGroup;
			children = (
				C2F8E3852968C63A00BDF142 /* PhotoItem.swift */,
				C2D65C8B2987F1090035DBB9 /* PhotosModel.swift */,
				C2D65C8D2987F1460035DBB9 /* ImageItem.swift */,
			);
			path = HomeModels;
			sourceTree = "<group>";
		};
		C2F8E387296C015A00BDF142 /* DrawingEngine */ = {
			isa = PBXGroup;
			children = (
				C2F8E388296C016F00BDF142 /* DrawingEngine.swift */,
				C2F8E38A296C08F800BDF142 /* Line.swift */,
				C2F8E38C296C715E00BDF142 /* DrawingShape.swift */,
				C2F8E38E296F085100BDF142 /* MaskRenderer.swift */,
			);
			path = DrawingEngine;
			sourceTree = "<group>";
		};
		C2FED4F12979837A00FB221F /* EditorScreen */ = {
			isa = PBXGroup;
			children = (
				C2157212299AC77C00369F18 /* Gestures */,
				C246ED59298EFEE500BD3C8D /* DrawingModel.swift */,
				C241B84C2966224D004FD32D /* EditorView.swift */,
				C2FED4F22979839F00FB221F /* EditorScreenView.swift */,
			);
			path = EditorScreen;
			sourceTree = "<group>";
		};
		CBE94C3DEA0606FB08170905 /* Splash */ = {
			isa = PBXGroup;
			children = (
				5E454453BCFAEC00E66E5F81 /* SplashView.swift */,
			);
			name = Splash;
			sourceTree = "<group>";
		};
		F266C9CA6D0FE68B046DFC00 /* Services */ = {
			isa = PBXGroup;
			children = (
				3F692046B66347102E04642E /* ObjectRemoval */,
				8D81FE35B496D2A48E72D14C /* Ads */,
				4E60365EF1ECB8894D346EC3 /* ImageProcessing */,
			);
			name = Services;
			sourceTree = "<group>";
		};
		FF39526942471661F96B55B2 /* Share */ = {
			isa = PBXGroup;
			children = (
				749F28085BD90BF3E16EBF0F /* Views */,
			);
			name = Share;
			sourceTree = "<group>";
		};
/* End PBXGroup section */

/* Begin PBXNativeTarget section */
		C2BBF493294B756D00960C0A /* ObjectRemover */ = {
			isa = PBXNativeTarget;
			buildConfigurationList = C2BBF4B8294B756D00960C0A /* Build configuration list for PBXNativeTarget "ObjectRemover" */;
			buildPhases = (
				C2BBF490294B756D00960C0A /* Sources */,
				C2BBF491294B756D00960C0A /* Frameworks */,
				C2BBF492294B756D00960C0A /* Resources */,
			);
			buildRules = (
			);
			dependencies = (
			);
			name = ObjectRemover;
			packageProductDependencies = (
				C2BBF4C2294B771300960C0A /* Lottie */,
				C26ED9D52AE8FC6C00594E4F /* PermissionsSwiftUINotification */,
				C26ED9D72AE8FC6C00594E4F /* PermissionsSwiftUIPhoto */,
			);
			productName = ObjectRemover;
			productReference = C2BBF494294B756D00960C0A /* ObjectRemover.app */;
			productType = "com.apple.product-type.application";
		};
		C2BBF4A3294B756D00960C0A /* ObjectRemoverTests */ = {
			isa = PBXNativeTarget;
			buildConfigurationList = C2BBF4BB294B756D00960C0A /* Build configuration list for PBXNativeTarget "ObjectRemoverTests" */;
			buildPhases = (
				C2BBF4A0294B756D00960C0A /* Sources */,
				C2BBF4A1294B756D00960C0A /* Frameworks */,
				C2BBF4A2294B756D00960C0A /* Resources */,
			);
			buildRules = (
			);
			dependencies = (
				C2BBF4A6294B756D00960C0A /* PBXTargetDependency */,
			);
			name = ObjectRemoverTests;
			productName = ObjectRemoverTests;
			productReference = C2BBF4A4294B756D00960C0A /* ObjectRemoverTests.xctest */;
			productType = "com.apple.product-type.bundle.unit-test";
		};
		C2BBF4AD294B756D00960C0A /* ObjectRemoverUITests */ = {
			isa = PBXNativeTarget;
			buildConfigurationList = C2BBF4BE294B756D00960C0A /* Build configuration list for PBXNativeTarget "ObjectRemoverUITests" */;
			buildPhases = (
				C2BBF4AA294B756D00960C0A /* Sources */,
				C2BBF4AB294B756D00960C0A /* Frameworks */,
				C2BBF4AC294B756D00960C0A /* Resources */,
			);
			buildRules = (
			);
			dependencies = (
				C2BBF4B0294B756D00960C0A /* PBXTargetDependency */,
			);
			name = ObjectRemoverUITests;
			productName = ObjectRemoverUITests;
			productReference = C2BBF4AE294B756D00960C0A /* ObjectRemoverUITests.xctest */;
			productType = "com.apple.product-type.bundle.ui-testing";
		};
/* End PBXNativeTarget section */

/* Begin PBXProject section */
		C2BBF48C294B756D00960C0A /* Project object */ = {
			isa = PBXProject;
			attributes = {
				BuildIndependentTargetsInParallel = 1;
				LastSwiftUpdateCheck = 1340;
				LastUpgradeCheck = 1340;
				TargetAttributes = {
					C2BBF493294B756D00960C0A = {
						CreatedOnToolsVersion = 13.4.1;
					};
					C2BBF4A3294B756D00960C0A = {
						CreatedOnToolsVersion = 13.4.1;
						TestTargetID = C2BBF493294B756D00960C0A;
					};
					C2BBF4AD294B756D00960C0A = {
						CreatedOnToolsVersion = 13.4.1;
						TestTargetID = C2BBF493294B756D00960C0A;
					};
				};
			};
			buildConfigurationList = C2BBF48F294B756D00960C0A /* Build configuration list for PBXProject "ObjectRemover" */;
			compatibilityVersion = "Xcode 13.0";
			developmentRegion = en;
			hasScannedForEncodings = 0;
			knownRegions = (
				en,
				Base,
			);
			mainGroup = C2BBF48B294B756D00960C0A;
			packageReferences = (
				C2BBF4C1294B771300960C0A /* XCRemoteSwiftPackageReference "lottie-ios.git" */,
				C2A4760B2982B33C00E40C8A /* XCRemoteSwiftPackageReference "CustomAlert.git" */,
				C26ED9D42AE8FC6C00594E4F /* XCRemoteSwiftPackageReference "PermissionsSwiftUI" */,
			);
			productRefGroup = C2BBF495294B756D00960C0A /* Products */;
			projectDirPath = "";
			projectRoot = "";
			targets = (
				C2BBF493294B756D00960C0A /* ObjectRemover */,
				C2BBF4A3294B756D00960C0A /* ObjectRemoverTests */,
				C2BBF4AD294B756D00960C0A /* ObjectRemoverUITests */,
			);
		};
/* End PBXProject section */

/* Begin PBXResourcesBuildPhase section */
		C2BBF492294B756D00960C0A /* Resources */ = {
			isa = PBXResourcesBuildPhase;
			buildActionMask = 2147483647;
			files = (
				C205FC3F296487C3009DCD97 /* Gilroy-LightItalic.ttf in Resources */,
				C205FC3C296487C3009DCD97 /* Gilroy-UltraLight.ttf in Resources */,
				C205FC34296487C3009DCD97 /* Gilroy-Black.ttf in Resources */,
				C205FC38296487C3009DCD97 /* Gilroy-SemiBold.ttf in Resources */,
				C205FC39296487C3009DCD97 /* Gilroy-RegularItalic.ttf in Resources */,
				C2BBF49F294B756D00960C0A /* Preview Assets.xcassets in Resources */,
				C205FC35296487C3009DCD97 /* Gilroy-Bold.ttf in Resources */,
				C205FC2C296487C3009DCD97 /* Gilroy-ThinItalic.ttf in Resources */,
				C205FC2F296487C3009DCD97 /* Gilroy-MediumItalic.ttf in Resources */,
				C205FC3A296487C3009DCD97 /* Gilroy-SemiBoldItalic.ttf in Resources */,
				C205FC05295990D1009DCD97 /* qr-code-loader.json in Resources */,
				C205FC36296487C3009DCD97 /* Gilroy-Heavy.ttf in Resources */,
				C205FC33296487C3009DCD97 /* Gilroy-BoldItalic.ttf in Resources */,
				C246ED4C29886FC000BD3C8D /* grizzly.jpg in Resources */,
				C205FC3B296487C3009DCD97 /* Gilroy-Thin.ttf in Resources */,
				C205FC32296487C3009DCD97 /* Gilroy-HeavyItalic.ttf in Resources */,
				C205FC30296487C3009DCD97 /* Gilroy-ExtraBoldItalic.ttf in Resources */,
				C205FC37296487C3009DCD97 /* Gilroy-Regular.ttf in Resources */,
				C205FC2D296487C3009DCD97 /* Gilroy-Light.ttf in Resources */,
				C205FC3D296487C3009DCD97 /* Gilroy-UltraLightItalic.ttf in Resources */,
				C205FC3E296487C3009DCD97 /* Gilroy-ExtraBold.ttf in Resources */,
				C205FC2E296487C3009DCD97 /* Gilroy-BlackItalic.ttf in Resources */,
				C205FC31296487C3009DCD97 /* Gilroy-Medium.ttf in Resources */,
				C2BBF49C294B756D00960C0A /* Assets.xcassets in Resources */,
			);
			runOnlyForDeploymentPostprocessing = 0;
		};
		C2BBF4A2294B756D00960C0A /* Resources */ = {
			isa = PBXResourcesBuildPhase;
			buildActionMask = 2147483647;
			files = (
			);
			runOnlyForDeploymentPostprocessing = 0;
		};
		C2BBF4AC294B756D00960C0A /* Resources */ = {
			isa = PBXResourcesBuildPhase;
			buildActionMask = 2147483647;
			files = (
			);
			runOnlyForDeploymentPostprocessing = 0;
		};
/* End PBXResourcesBuildPhase section */

/* Begin PBXSourcesBuildPhase section */
		C2BBF490294B756D00960C0A /* Sources */ = {
			isa = PBXSourcesBuildPhase;
			buildActionMask = 2147483647;
			files = (
				C2D65C8E2987F1460035DBB9 /* ImageItem.swift in Sources */,
				C2D65C912987F20E0035DBB9 /* FileManagerExtensions.swift in Sources */,
				C2BBF4C7294B789900960C0A /* LottieLoaderView.swift in Sources */,
				C2FED4F32979839F00FB221F /* EditorScreenView.swift in Sources */,
				C205FC0D295B31B4009DCD97 /* PhotoAccessView.swift in Sources */,
				C2231A1929BA985500FAB746 /* PhotoCollection.swift in Sources */,
				C285E550295987AB00C58BBC /* SplashScreen.swift in Sources */,
				C2F8E38D296C715E00BDF142 /* DrawingShape.swift in Sources */,
				C23BC28F29F9C77100272505 /* PreviewSheet.swift in Sources */,
				C2A475FF297C8D5600E40C8A /* CommonModifiers.swift in Sources */,
				C2231A1129BA849F00FAB746 /* CachedImageManager.swift in Sources */,
				C2A47603297ED69400E40C8A /* PartialAccessGalleryGrid.swift in Sources */,
				C20C02FA29EDFAF900744908 /* NavigationManager.swift in Sources */,
				C205FC0A2959F571009DCD97 /* PhotoPicker.swift in Sources */,
				C2231A1729BA982E00FAB746 /* PhotoAssetCollection.swift in Sources */,
				C2D65C8C2987F1090035DBB9 /* PhotosModel.swift in Sources */,
				C246ED5A298EFEE500BD3C8D /* DrawingModel.swift in Sources */,
				C2F8E39829702A8600BDF142 /* LoadingConfigsView.swift in Sources */,
				C2F8E3862968C63A00BDF142 /* PhotoItem.swift in Sources */,
				C2FED4F029780F0B00FB221F /* ProgressDialogView.swift in Sources */,
				C2BBF49A294B756D00960C0A /* ContentView.swift in Sources */,
				C2231A0F29BA7CA000FAB746 /* PhotoItemView.swift in Sources */,
				C2D65C862986590F0035DBB9 /* PackageBtn.swift in Sources */,
				C2F8E389296C016F00BDF142 /* DrawingEngine.swift in Sources */,
				C205FC0829599333009DCD97 /* HomeView.swift in Sources */,
				C246ED50298A918200BD3C8D /* AddImageView.swift in Sources */,
				C2F8E38F296F085100BDF142 /* MaskRenderer.swift in Sources */,
				C2775A3C2AB2FCD200379863 /* Route.swift in Sources */,
				C2157214299AC7AC00369F18 /* TwoFingerPanGesture.swift in Sources */,
				C2FED4EB297046DD00FB221F /* NativeAdView.swift in Sources */,
				C2EFD448297C018500CD3CB4 /* ShareScreenView.swift in Sources */,
				C2BBF498294B756D00960C0A /* ObjectRemoverApp.swift in Sources */,
				C2A47601297CA0C400E40C8A /* AllAccessGalleryGrid.swift in Sources */,
				C2F8E38B296C08F800BDF142 /* Line.swift in Sources */,
				C29A9C8C299EF36000A57154 /* ZoomableView.swift in Sources */,
				C2A4760629818DB400E40C8A /* IAPScreen.swift in Sources */,
				C246ED52298A9B0C00BD3C8D /* PhotosHelper.swift in Sources */,
				C2231A1329BA84C100FAB746 /* PhotoAsset.swift in Sources */,
				C241B84D2966224D004FD32D /* EditorView.swift in Sources */,
				C2F8E3962970282100BDF142 /* LoadingFailedView.swift in Sources */,
				082854F22A6417A93EB714C0 /* DependencyContainer.swift in Sources */,
				50CDB5BEBEC8A9AD138B9F18 /* RootView.swift in Sources */,
				B3FFA870AAD0498C113C8E08 /* ObjectRemovalServiceProtocol.swift in Sources */,
				061FBD1968F3A59B2BD043F9 /* AdServiceProtocol.swift in Sources */,
				12FBD2D6330A4D458A422322 /* ImageRepositoryProtocol.swift in Sources */,
				C54A8FD29B9224D265C72700 /* UndoableActionProtocol.swift in Sources */,
				E24902AC0572D10EC8EFED8F /* DummyObjectRemovalService.swift in Sources */,
				21BA03B9074C6BF4D6E3C26C /* DummyAdService.swift in Sources */,
				AE973E312E61A2ACFC810444 /* MemoryChecker.swift in Sources */,
				0D9301A1BED341947BDD47C4 /* ImageScaler.swift in Sources */,
				A1DB26405B8D886E6064BA05 /* DefaultImageRepository.swift in Sources */,
				CC26A6C8FF6932277F2E1588 /* AppCoordinator.swift in Sources */,
				9411618D433CDA49ADB07241 /* HomeCoordinator.swift in Sources */,
				916B3E6A6D9E7344B6222F58 /* EditorCoordinator.swift in Sources */,
				D7848471CF388000137A34DE /* ShareCoordinator.swift in Sources */,
				8BEA52C66F5E4E74197DB9E9 /* SplashView.swift in Sources */,
				F2B03C18E0C96892221945EC /* HomeContainerView.swift in Sources */,
				58D81098D87C0DED6C426556 /* GalleryGridView.swift in Sources */,
				551BC90F9F75EC7834507339 /* PhotoPreviewSheet.swift in Sources */,
				F17CF3A44ED026E0A5B75CF6 /* EditorContainerView.swift in Sources */,
				525ECE14CE370354762A80AE /* EditorCanvasView.swift in Sources */,
				D1367E7C271DC89D5148893E /* EditorToolbarView.swift in Sources */,
				6E6D67E340170ACBADEDD0E8 /* EditorViewModel.swift in Sources */,
				130E3CCD784035CB82ABEA71 /* ShareContainerView.swift in Sources */,
				54E259D38BECFB5D531BE6DD /* SimplePhotoPicker.swift in Sources */,
				F3E2F75976A3D2A1FC2EAE28 /* UnifiedGestureHandler.swift in Sources */,
				37A60B457C3C2ECC940A188E /* CloneStampTool.swift in Sources */,
			);
			runOnlyForDeploymentPostprocessing = 0;
		};
		C2BBF4A0294B756D00960C0A /* Sources */ = {
			isa = PBXSourcesBuildPhase;
			buildActionMask = 2147483647;
			files = (
				C2BBF4A9294B756D00960C0A /* ObjectRemoverTests.swift in Sources */,
			);
			runOnlyForDeploymentPostprocessing = 0;
		};
		C2BBF4AA294B756D00960C0A /* Sources */ = {
			isa = PBXSourcesBuildPhase;
			buildActionMask = 2147483647;
			files = (
				C2BBF4B5294B756D00960C0A /* ObjectRemoverUITestsLaunchTests.swift in Sources */,
				C2BBF4B3294B756D00960C0A /* ObjectRemoverUITests.swift in Sources */,
			);
			runOnlyForDeploymentPostprocessing = 0;
		};
/* End PBXSourcesBuildPhase section */

/* Begin PBXTargetDependency section */
		C2BBF4A6294B756D00960C0A /* PBXTargetDependency */ = {
			isa = PBXTargetDependency;
			target = C2BBF493294B756D00960C0A /* ObjectRemover */;
			targetProxy = C2BBF4A5294B756D00960C0A /* PBXContainerItemProxy */;
		};
		C2BBF4B0294B756D00960C0A /* PBXTargetDependency */ = {
			isa = PBXTargetDependency;
			target = C2BBF493294B756D00960C0A /* ObjectRemover */;
			targetProxy = C2BBF4AF294B756D00960C0A /* PBXContainerItemProxy */;
		};
/* End PBXTargetDependency section */

/* Begin XCBuildConfiguration section */
		C2BBF4B6294B756D00960C0A /* Debug */ = {
			isa = XCBuildConfiguration;
			buildSettings = {
				ALWAYS_SEARCH_USER_PATHS = NO;
				CLANG_ANALYZER_NONNULL = YES;
				CLANG_ANALYZER_NUMBER_OBJECT_CONVERSION = YES_AGGRESSIVE;
				CLANG_CXX_LANGUAGE_STANDARD = "gnu++17";
				CLANG_ENABLE_MODULES = YES;
				CLANG_ENABLE_OBJC_ARC = YES;
				CLANG_ENABLE_OBJC_WEAK = YES;
				CLANG_WARN_BLOCK_CAPTURE_AUTORELEASING = YES;
				CLANG_WARN_BOOL_CONVERSION = YES;
				CLANG_WARN_COMMA = YES;
				CLANG_WARN_CONSTANT_CONVERSION = YES;
				CLANG_WARN_DEPRECATED_OBJC_IMPLEMENTATIONS = YES;
				CLANG_WARN_DIRECT_OBJC_ISA_USAGE = YES_ERROR;
				CLANG_WARN_DOCUMENTATION_COMMENTS = YES;
				CLANG_WARN_EMPTY_BODY = YES;
				CLANG_WARN_ENUM_CONVERSION = YES;
				CLANG_WARN_INFINITE_RECURSION = YES;
				CLANG_WARN_INT_CONVERSION = YES;
				CLANG_WARN_NON_LITERAL_NULL_CONVERSION = YES;
				CLANG_WARN_OBJC_IMPLICIT_RETAIN_SELF = YES;
				CLANG_WARN_OBJC_LITERAL_CONVERSION = YES;
				CLANG_WARN_OBJC_ROOT_CLASS = YES_ERROR;
				CLANG_WARN_QUOTED_INCLUDE_IN_FRAMEWORK_HEADER = YES;
				CLANG_WARN_RANGE_LOOP_ANALYSIS = YES;
				CLANG_WARN_STRICT_PROTOTYPES = YES;
				CLANG_WARN_SUSPICIOUS_MOVE = YES;
				CLANG_WARN_UNGUARDED_AVAILABILITY = YES_AGGRESSIVE;
				CLANG_WARN_UNREACHABLE_CODE = YES;
				CLANG_WARN__DUPLICATE_METHOD_MATCH = YES;
				COPY_PHASE_STRIP = NO;
				DEBUG_INFORMATION_FORMAT = dwarf;
				ENABLE_STRICT_OBJC_MSGSEND = YES;
				ENABLE_TESTABILITY = YES;
				GCC_C_LANGUAGE_STANDARD = gnu11;
				GCC_DYNAMIC_NO_PIC = NO;
				GCC_NO_COMMON_BLOCKS = YES;
				GCC_OPTIMIZATION_LEVEL = 0;
				GCC_PREPROCESSOR_DEFINITIONS = (
					"DEBUG=1",
					"$(inherited)",
				);
				GCC_WARN_64_TO_32_BIT_CONVERSION = YES;
				GCC_WARN_ABOUT_RETURN_TYPE = YES_ERROR;
				GCC_WARN_UNDECLARED_SELECTOR = YES;
				GCC_WARN_UNINITIALIZED_AUTOS = YES_AGGRESSIVE;
				GCC_WARN_UNUSED_FUNCTION = YES;
				GCC_WARN_UNUSED_VARIABLE = YES;
				IPHONEOS_DEPLOYMENT_TARGET = 17.0;
				MTL_ENABLE_DEBUG_INFO = INCLUDE_SOURCE;
				MTL_FAST_MATH = YES;
				ONLY_ACTIVE_ARCH = YES;
				SDKROOT = iphoneos;
				SWIFT_ACTIVE_COMPILATION_CONDITIONS = DEBUG;
				SWIFT_OPTIMIZATION_LEVEL = "-Onone";
			};
			name = Debug;
		};
		C2BBF4B7294B756D00960C0A /* Release */ = {
			isa = XCBuildConfiguration;
			buildSettings = {
				ALWAYS_SEARCH_USER_PATHS = NO;
				CLANG_ANALYZER_NONNULL = YES;
				CLANG_ANALYZER_NUMBER_OBJECT_CONVERSION = YES_AGGRESSIVE;
				CLANG_CXX_LANGUAGE_STANDARD = "gnu++17";
				CLANG_ENABLE_MODULES = YES;
				CLANG_ENABLE_OBJC_ARC = YES;
				CLANG_ENABLE_OBJC_WEAK = YES;
				CLANG_WARN_BLOCK_CAPTURE_AUTORELEASING = YES;
				CLANG_WARN_BOOL_CONVERSION = YES;
				CLANG_WARN_COMMA = YES;
				CLANG_WARN_CONSTANT_CONVERSION = YES;
				CLANG_WARN_DEPRECATED_OBJC_IMPLEMENTATIONS = YES;
				CLANG_WARN_DIRECT_OBJC_ISA_USAGE = YES_ERROR;
				CLANG_WARN_DOCUMENTATION_COMMENTS = YES;
				CLANG_WARN_EMPTY_BODY = YES;
				CLANG_WARN_ENUM_CONVERSION = YES;
				CLANG_WARN_INFINITE_RECURSION = YES;
				CLANG_WARN_INT_CONVERSION = YES;
				CLANG_WARN_NON_LITERAL_NULL_CONVERSION = YES;
				CLANG_WARN_OBJC_IMPLICIT_RETAIN_SELF = YES;
				CLANG_WARN_OBJC_LITERAL_CONVERSION = YES;
				CLANG_WARN_OBJC_ROOT_CLASS = YES_ERROR;
				CLANG_WARN_QUOTED_INCLUDE_IN_FRAMEWORK_HEADER = YES;
				CLANG_WARN_RANGE_LOOP_ANALYSIS = YES;
				CLANG_WARN_STRICT_PROTOTYPES = YES;
				CLANG_WARN_SUSPICIOUS_MOVE = YES;
				CLANG_WARN_UNGUARDED_AVAILABILITY = YES_AGGRESSIVE;
				CLANG_WARN_UNREACHABLE_CODE = YES;
				CLANG_WARN__DUPLICATE_METHOD_MATCH = YES;
				COPY_PHASE_STRIP = NO;
				DEBUG_INFORMATION_FORMAT = "dwarf-with-dsym";
				ENABLE_NS_ASSERTIONS = NO;
				ENABLE_STRICT_OBJC_MSGSEND = YES;
				GCC_C_LANGUAGE_STANDARD = gnu11;
				GCC_NO_COMMON_BLOCKS = YES;
				GCC_WARN_64_TO_32_BIT_CONVERSION = YES;
				GCC_WARN_ABOUT_RETURN_TYPE = YES_ERROR;
				GCC_WARN_UNDECLARED_SELECTOR = YES;
				GCC_WARN_UNINITIALIZED_AUTOS = YES_AGGRESSIVE;
				GCC_WARN_UNUSED_FUNCTION = YES;
				GCC_WARN_UNUSED_VARIABLE = YES;
				IPHONEOS_DEPLOYMENT_TARGET = 17.0;
				MTL_ENABLE_DEBUG_INFO = NO;
				MTL_FAST_MATH = YES;
				SDKROOT = iphoneos;
				SWIFT_COMPILATION_MODE = wholemodule;
				SWIFT_OPTIMIZATION_LEVEL = "-O";
				VALIDATE_PRODUCT = YES;
			};
			name = Release;
		};
		C2BBF4B9294B756D00960C0A /* Debug */ = {
			isa = XCBuildConfiguration;
			buildSettings = {
				ASSETCATALOG_COMPILER_APPICON_NAME = AppIcon;
				ASSETCATALOG_COMPILER_GLOBAL_ACCENT_COLOR_NAME = AccentColor;
				ASSETCATALOG_COMPILER_INCLUDE_ALL_APPICON_ASSETS = YES;
				CODE_SIGN_STYLE = Automatic;
				CURRENT_PROJECT_VERSION = 1;
				DEVELOPMENT_ASSET_PATHS = "\"ObjectRemover/Preview Content\"";
				DEVELOPMENT_TEAM = M5X7U566DL;
				ENABLE_PREVIEWS = YES;
				GENERATE_INFOPLIST_FILE = YES;
				INFOPLIST_FILE = ObjectRemover/Info.plist;
				INFOPLIST_KEY_NSPhotoLibraryUsageDescription = "This app lets you edit and browse photos";
				INFOPLIST_KEY_UIApplicationSceneManifest_Generation = YES;
				INFOPLIST_KEY_UIApplicationSupportsIndirectInputEvents = YES;
				INFOPLIST_KEY_UILaunchScreen_Generation = YES;
				INFOPLIST_KEY_UILaunchStoryboardName = S;
				INFOPLIST_KEY_UISupportedInterfaceOrientations_iPad = "UIInterfaceOrientationPortrait UIInterfaceOrientationPortraitUpsideDown UIInterfaceOrientationLandscapeLeft UIInterfaceOrientationLandscapeRight";
				INFOPLIST_KEY_UISupportedInterfaceOrientations_iPhone = "UIInterfaceOrientationPortrait UIInterfaceOrientationLandscapeLeft UIInterfaceOrientationLandscapeRight";
				IPHONEOS_DEPLOYMENT_TARGET = 17.0;
				LD_RUNPATH_SEARCH_PATHS = (
					"$(inherited)",
					"@executable_path/Frameworks",
				);
				MARKETING_VERSION = 1.0;
				PRODUCT_BUNDLE_IDENTIFIER = com.ibraiz.or;
				PRODUCT_NAME = "$(TARGET_NAME)";
				SUPPORTED_PLATFORMS = "iphoneos iphonesimulator";
				SUPPORTS_MACCATALYST = NO;
				SUPPORTS_MAC_DESIGNED_FOR_IPHONE_IPAD = NO;
				SWIFT_EMIT_LOC_STRINGS = YES;
				SWIFT_VERSION = 5.0;
				TARGETED_DEVICE_FAMILY = "1,2";
			};
			name = Debug;
		};
		C2BBF4BA294B756D00960C0A /* Release */ = {
			isa = XCBuildConfiguration;
			buildSettings = {
				ASSETCATALOG_COMPILER_APPICON_NAME = AppIcon;
				ASSETCATALOG_COMPILER_GLOBAL_ACCENT_COLOR_NAME = AccentColor;
				ASSETCATALOG_COMPILER_INCLUDE_ALL_APPICON_ASSETS = YES;
				CODE_SIGN_STYLE = Automatic;
				CURRENT_PROJECT_VERSION = 1;
				DEVELOPMENT_ASSET_PATHS = "\"ObjectRemover/Preview Content\"";
				DEVELOPMENT_TEAM = M5X7U566DL;
				ENABLE_PREVIEWS = YES;
				GENERATE_INFOPLIST_FILE = YES;
				INFOPLIST_FILE = ObjectRemover/Info.plist;
				INFOPLIST_KEY_NSPhotoLibraryUsageDescription = "This app lets you edit and browse photos";
				INFOPLIST_KEY_UIApplicationSceneManifest_Generation = YES;
				INFOPLIST_KEY_UIApplicationSupportsIndirectInputEvents = YES;
				INFOPLIST_KEY_UILaunchScreen_Generation = YES;
				INFOPLIST_KEY_UILaunchStoryboardName = S;
				INFOPLIST_KEY_UISupportedInterfaceOrientations_iPad = "UIInterfaceOrientationPortrait UIInterfaceOrientationPortraitUpsideDown UIInterfaceOrientationLandscapeLeft UIInterfaceOrientationLandscapeRight";
				INFOPLIST_KEY_UISupportedInterfaceOrientations_iPhone = "UIInterfaceOrientationPortrait UIInterfaceOrientationLandscapeLeft UIInterfaceOrientationLandscapeRight";
				IPHONEOS_DEPLOYMENT_TARGET = 17.0;
				LD_RUNPATH_SEARCH_PATHS = (
					"$(inherited)",
					"@executable_path/Frameworks",
				);
				MARKETING_VERSION = 1.0;
				PRODUCT_BUNDLE_IDENTIFIER = com.ibraiz.or;
				PRODUCT_NAME = "$(TARGET_NAME)";
				SUPPORTED_PLATFORMS = "iphoneos iphonesimulator";
				SUPPORTS_MACCATALYST = NO;
				SUPPORTS_MAC_DESIGNED_FOR_IPHONE_IPAD = NO;
				SWIFT_EMIT_LOC_STRINGS = YES;
				SWIFT_VERSION = 5.0;
				TARGETED_DEVICE_FAMILY = "1,2";
			};
			name = Release;
		};
		C2BBF4BC294B756D00960C0A /* Debug */ = {
			isa = XCBuildConfiguration;
			buildSettings = {
				ALWAYS_EMBED_SWIFT_STANDARD_LIBRARIES = YES;
				BUNDLE_LOADER = "$(TEST_HOST)";
				CODE_SIGN_STYLE = Automatic;
				CURRENT_PROJECT_VERSION = 1;
				DEVELOPMENT_TEAM = M5X7U566DL;
				GENERATE_INFOPLIST_FILE = YES;
				IPHONEOS_DEPLOYMENT_TARGET = 17.0;
				MARKETING_VERSION = 1.0;
				PRODUCT_BUNDLE_IDENTIFIER = com.fourguys.ObjectRemoverTests;
				PRODUCT_NAME = "$(TARGET_NAME)";
				SWIFT_EMIT_LOC_STRINGS = NO;
				SWIFT_VERSION = 5.0;
				TARGETED_DEVICE_FAMILY = "1,2";
				TEST_HOST = "$(BUILT_PRODUCTS_DIR)/ObjectRemover.app/ObjectRemover";
			};
			name = Debug;
		};
		C2BBF4BD294B756D00960C0A /* Release */ = {
			isa = XCBuildConfiguration;
			buildSettings = {
				ALWAYS_EMBED_SWIFT_STANDARD_LIBRARIES = YES;
				BUNDLE_LOADER = "$(TEST_HOST)";
				CODE_SIGN_STYLE = Automatic;
				CURRENT_PROJECT_VERSION = 1;
				DEVELOPMENT_TEAM = M5X7U566DL;
				GENERATE_INFOPLIST_FILE = YES;
				IPHONEOS_DEPLOYMENT_TARGET = 17.0;
				MARKETING_VERSION = 1.0;
				PRODUCT_BUNDLE_IDENTIFIER = com.fourguys.ObjectRemoverTests;
				PRODUCT_NAME = "$(TARGET_NAME)";
				SWIFT_EMIT_LOC_STRINGS = NO;
				SWIFT_VERSION = 5.0;
				TARGETED_DEVICE_FAMILY = "1,2";
				TEST_HOST = "$(BUILT_PRODUCTS_DIR)/ObjectRemover.app/ObjectRemover";
			};
			name = Release;
		};
		C2BBF4BF294B756D00960C0A /* Debug */ = {
			isa = XCBuildConfiguration;
			buildSettings = {
				ALWAYS_EMBED_SWIFT_STANDARD_LIBRARIES = YES;
				"CODE_SIGN_IDENTITY[sdk=macosx*]" = "-";
				CODE_SIGN_STYLE = Automatic;
				CURRENT_PROJECT_VERSION = 1;
				DEVELOPMENT_TEAM = M5X7U566DL;
				GENERATE_INFOPLIST_FILE = YES;
				MARKETING_VERSION = 1.0;
				PRODUCT_BUNDLE_IDENTIFIER = com.fourguys.ObjectRemoverUITests;
				PRODUCT_NAME = "$(TARGET_NAME)";
				SWIFT_EMIT_LOC_STRINGS = NO;
				SWIFT_VERSION = 5.0;
				TARGETED_DEVICE_FAMILY = "1,2";
				TEST_TARGET_NAME = ObjectRemover;
			};
			name = Debug;
		};
		C2BBF4C0294B756D00960C0A /* Release */ = {
			isa = XCBuildConfiguration;
			buildSettings = {
				ALWAYS_EMBED_SWIFT_STANDARD_LIBRARIES = YES;
				"CODE_SIGN_IDENTITY[sdk=macosx*]" = "-";
				CODE_SIGN_STYLE = Automatic;
				CURRENT_PROJECT_VERSION = 1;
				DEVELOPMENT_TEAM = M5X7U566DL;
				GENERATE_INFOPLIST_FILE = YES;
				MARKETING_VERSION = 1.0;
				PRODUCT_BUNDLE_IDENTIFIER = com.fourguys.ObjectRemoverUITests;
				PRODUCT_NAME = "$(TARGET_NAME)";
				SWIFT_EMIT_LOC_STRINGS = NO;
				SWIFT_VERSION = 5.0;
				TARGETED_DEVICE_FAMILY = "1,2";
				TEST_TARGET_NAME = ObjectRemover;
			};
			name = Release;
		};
/* End XCBuildConfiguration section */

/* Begin XCConfigurationList section */
		C2BBF48F294B756D00960C0A /* Build configuration list for PBXProject "ObjectRemover" */ = {
			isa = XCConfigurationList;
			buildConfigurations = (
				C2BBF4B6294B756D00960C0A /* Debug */,
				C2BBF4B7294B756D00960C0A /* Release */,
			);
			defaultConfigurationIsVisible = 0;
			defaultConfigurationName = Release;
		};
		C2BBF4B8294B756D00960C0A /* Build configuration list for PBXNativeTarget "ObjectRemover" */ = {
			isa = XCConfigurationList;
			buildConfigurations = (
				C2BBF4B9294B756D00960C0A /* Debug */,
				C2BBF4BA294B756D00960C0A /* Release */,
			);
			defaultConfigurationIsVisible = 0;
			defaultConfigurationName = Release;
		};
		C2BBF4BB294B756D00960C0A /* Build configuration list for PBXNativeTarget "ObjectRemoverTests" */ = {
			isa = XCConfigurationList;
			buildConfigurations = (
				C2BBF4BC294B756D00960C0A /* Debug */,
				C2BBF4BD294B756D00960C0A /* Release */,
			);
			defaultConfigurationIsVisible = 0;
			defaultConfigurationName = Release;
		};
		C2BBF4BE294B756D00960C0A /* Build configuration list for PBXNativeTarget "ObjectRemoverUITests" */ = {
			isa = XCConfigurationList;
			buildConfigurations = (
				C2BBF4BF294B756D00960C0A /* Debug */,
				C2BBF4C0294B756D00960C0A /* Release */,
			);
			defaultConfigurationIsVisible = 0;
			defaultConfigurationName = Release;
		};
/* End XCConfigurationList section */

/* Begin XCRemoteSwiftPackageReference section */
		C26ED9D42AE8FC6C00594E4F /* XCRemoteSwiftPackageReference "PermissionsSwiftUI" */ = {
			isa = XCRemoteSwiftPackageReference;
			repositoryURL = "https://github.com/jevonmao/PermissionsSwiftUI";
			requirement = {
				kind = upToNextMajorVersion;
				minimumVersion = 1.5.8;
			};
		};
		C2A4760B2982B33C00E40C8A /* XCRemoteSwiftPackageReference "CustomAlert.git" */ = {
			isa = XCRemoteSwiftPackageReference;
			repositoryURL = "https://github.com/divadretlaw/CustomAlert.git";
			requirement = {
				branch = main;
				kind = branch;
			};
		};
		C2BBF4C1294B771300960C0A /* XCRemoteSwiftPackageReference "lottie-ios.git" */ = {
			isa = XCRemoteSwiftPackageReference;
			repositoryURL = "https://github.com/airbnb/lottie-ios.git";
			requirement = {
				branch = master;
				kind = branch;
			};
		};
/* End XCRemoteSwiftPackageReference section */

/* Begin XCSwiftPackageProductDependency section */
		C26ED9D52AE8FC6C00594E4F /* PermissionsSwiftUINotification */ = {
			isa = XCSwiftPackageProductDependency;
			package = C26ED9D42AE8FC6C00594E4F /* XCRemoteSwiftPackageReference "PermissionsSwiftUI" */;
			productName = PermissionsSwiftUINotification;
		};
		C26ED9D72AE8FC6C00594E4F /* PermissionsSwiftUIPhoto */ = {
			isa = XCSwiftPackageProductDependency;
			package = C26ED9D42AE8FC6C00594E4F /* XCRemoteSwiftPackageReference "PermissionsSwiftUI" */;
			productName = PermissionsSwiftUIPhoto;
		};
		C2BBF4C2294B771300960C0A /* Lottie */ = {
			isa = XCSwiftPackageProductDependency;
			package = C2BBF4C1294B771300960C0A /* XCRemoteSwiftPackageReference "lottie-ios.git" */;
			productName = Lottie;
		};
/* End XCSwiftPackageProductDependency section */
	};
	rootObject = C2BBF48C294B756D00960C0A /* Project object */;
}
